
Microsoft Visual Studio Solution File, Format Version 12.00
# Visual Studio 15
VisualStudioVersion = 15.0.26430.6
MinimumVisualStudioVersion = 10.0.40219.1
Project("{FAE04EC0-301F-11D3-BF4B-00C04F79EFBC}") = "EasyMigLib", "EasyMigLib\EasyMigLib.csproj", "{A376B384-90C7-4F15-BE41-1F6ADAA894A8}"
EndProject
Project("{FAE04EC0-301F-11D3-BF4B-00C04F79EFBC}") = "EasyMigTest", "EasyMigTest\EasyMigTest.csproj", "{5F06212A-CDD3-4D7D-8641-0848A95B6BCE}"
EndProject
Project("{FAE04EC0-301F-11D3-BF4B-00C04F79EFBC}") = "EasyMigApp", "EasyMigApp\EasyMigApp.csproj", "{FA47CE29-B64B-4EDD-AAE4-92262B8C5832}"
EndProject
Global
	GlobalSection(SolutionConfigurationPlatforms) = preSolution
		Debug|Any CPU = Debug|Any CPU
		Release|Any CPU = Release|Any CPU
	EndGlobalSection
	GlobalSection(ProjectConfigurationPlatforms) = postSolution
		{A376B384-90C7-4F15-BE41-1F6ADAA894A8}.Debug|Any CPU.ActiveCfg = Debug|Any CPU
		{A376B384-90C7-4F15-BE41-1F6ADAA894A8}.Debug|Any CPU.Build.0 = Debug|Any CPU
		{A376B384-90C7-4F15-BE41-1F6ADAA894A8}.Release|Any CPU.ActiveCfg = Release|Any CPU
		{A376B384-90C7-4F15-BE41-1F6ADAA894A8}.Release|Any CPU.Build.0 = Release|Any CPU
		{5F06212A-CDD3-4D7D-8641-0848A95B6BCE}.Debug|Any CPU.ActiveCfg = Debug|Any CPU
		{5F06212A-CDD3-4D7D-8641-0848A95B6BCE}.Debug|Any CPU.Build.0 = Debug|Any CPU
		{5F06212A-CDD3-4D7D-8641-0848A95B6BCE}.Release|Any CPU.ActiveCfg = Release|Any CPU
		{5F06212A-CDD3-4D7D-8641-0848A95B6BCE}.Release|Any CPU.Build.0 = Release|Any CPU
		{FA47CE29-B64B-4EDD-AAE4-92262B8C5832}.Debug|Any CPU.ActiveCfg = Debug|Any CPU
		{FA47CE29-B64B-4EDD-AAE4-92262B8C5832}.Debug|Any CPU.Build.0 = Debug|Any CPU
		{FA47CE29-B64B-4EDD-AAE4-92262B8C5832}.Release|Any CPU.ActiveCfg = Release|Any CPU
		{FA47CE29-B64B-4EDD-AAE4-92262B8C5832}.Release|Any CPU.Build.0 = Release|Any CPU
	EndGlobalSection
	GlobalSection(SolutionProperties) = preSolution
		HideSolutionNode = FALSE
	EndGlobalSection
EndGlobal
