
Microsoft Visual Studio Solution File, Format Version 12.00
# Visual Studio 15
VisualStudioVersion = 15.0.26430.6
MinimumVisualStudioVersion = 10.0.40219.1
Project("{FAE04EC0-301F-11D3-BF4B-00C04F79EFBC}") = "EasyMigLib", "EasyMigLib\EasyMigLib.csproj", "{59D82C41-B8BF-4B89-A4F1-7DFF3C4298F5}"
EndProject
Project("{FAE04EC0-301F-11D3-BF4B-00C04F79EFBC}") = "EasyMigLibTest", "EasyMigLibTest\EasyMigLibTest.csproj", "{CF4C16AC-DAE5-4D51-ACF5-84FC0917B1EC}"
EndProject
Project("{FAE04EC0-301F-11D3-BF4B-00C04F79EFBC}") = "EasyMigApp", "EasyMigApp\EasyMigApp.csproj", "{1630C896-1127-4D77-8EE5-8E8204A9AB9B}"
EndProject
Global
	GlobalSection(SolutionConfigurationPlatforms) = preSolution
		Debug|Any CPU = Debug|Any CPU
		Release|Any CPU = Release|Any CPU
	EndGlobalSection
	GlobalSection(ProjectConfigurationPlatforms) = postSolution
		{59D82C41-B8BF-4B89-A4F1-7DFF3C4298F5}.Debug|Any CPU.ActiveCfg = Debug|Any CPU
		{59D82C41-B8BF-4B89-A4F1-7DFF3C4298F5}.Debug|Any CPU.Build.0 = Debug|Any CPU
		{59D82C41-B8BF-4B89-A4F1-7DFF3C4298F5}.Release|Any CPU.ActiveCfg = Release|Any CPU
		{59D82C41-B8BF-4B89-A4F1-7DFF3C4298F5}.Release|Any CPU.Build.0 = Release|Any CPU
		{CF4C16AC-DAE5-4D51-ACF5-84FC0917B1EC}.Debug|Any CPU.ActiveCfg = Debug|Any CPU
		{CF4C16AC-DAE5-4D51-ACF5-84FC0917B1EC}.Debug|Any CPU.Build.0 = Debug|Any CPU
		{CF4C16AC-DAE5-4D51-ACF5-84FC0917B1EC}.Release|Any CPU.ActiveCfg = Release|Any CPU
		{CF4C16AC-DAE5-4D51-ACF5-84FC0917B1EC}.Release|Any CPU.Build.0 = Release|Any CPU
		{1630C896-1127-4D77-8EE5-8E8204A9AB9B}.Debug|Any CPU.ActiveCfg = Debug|Any CPU
		{1630C896-1127-4D77-8EE5-8E8204A9AB9B}.Debug|Any CPU.Build.0 = Debug|Any CPU
		{1630C896-1127-4D77-8EE5-8E8204A9AB9B}.Release|Any CPU.ActiveCfg = Release|Any CPU
		{1630C896-1127-4D77-8EE5-8E8204A9AB9B}.Release|Any CPU.Build.0 = Release|Any CPU
	EndGlobalSection
	GlobalSection(SolutionProperties) = preSolution
		HideSolutionNode = FALSE
	EndGlobalSection
EndGlobal
