
Microsoft Visual Studio Solution File, Format Version 12.00
# Visual Studio 15
VisualStudioVersion = 15.0.26430.6
MinimumVisualStudioVersion = 10.0.40219.1
Project("{FAE04EC0-301F-11D3-BF4B-00C04F79EFBC}") = "EasyMigLib", "EasyMigLib\EasyMigLib.csproj", "{9623D7C0-78A6-491C-BF18-D4D4B5F59002}"
EndProject
Project("{FAE04EC0-301F-11D3-BF4B-00C04F79EFBC}") = "EasyMigApp", "EasyMigApp\EasyMigApp.csproj", "{58621EB2-B232-49D3-B299-48586BCB31C0}"
EndProject
Project("{FAE04EC0-301F-11D3-BF4B-00C04F79EFBC}") = "EasyMigTest", "EasyMigTest\EasyMigTest.csproj", "{515090CD-61A3-403C-B84E-C265C3777758}"
EndProject
Global
	GlobalSection(SolutionConfigurationPlatforms) = preSolution
		Debug|Any CPU = Debug|Any CPU
		Release|Any CPU = Release|Any CPU
	EndGlobalSection
	GlobalSection(ProjectConfigurationPlatforms) = postSolution
		{9623D7C0-78A6-491C-BF18-D4D4B5F59002}.Debug|Any CPU.ActiveCfg = Debug|Any CPU
		{9623D7C0-78A6-491C-BF18-D4D4B5F59002}.Debug|Any CPU.Build.0 = Debug|Any CPU
		{9623D7C0-78A6-491C-BF18-D4D4B5F59002}.Release|Any CPU.ActiveCfg = Release|Any CPU
		{9623D7C0-78A6-491C-BF18-D4D4B5F59002}.Release|Any CPU.Build.0 = Release|Any CPU
		{58621EB2-B232-49D3-B299-48586BCB31C0}.Debug|Any CPU.ActiveCfg = Debug|Any CPU
		{58621EB2-B232-49D3-B299-48586BCB31C0}.Debug|Any CPU.Build.0 = Debug|Any CPU
		{58621EB2-B232-49D3-B299-48586BCB31C0}.Release|Any CPU.ActiveCfg = Release|Any CPU
		{58621EB2-B232-49D3-B299-48586BCB31C0}.Release|Any CPU.Build.0 = Release|Any CPU
		{515090CD-61A3-403C-B84E-C265C3777758}.Debug|Any CPU.ActiveCfg = Debug|Any CPU
		{515090CD-61A3-403C-B84E-C265C3777758}.Debug|Any CPU.Build.0 = Debug|Any CPU
		{515090CD-61A3-403C-B84E-C265C3777758}.Release|Any CPU.ActiveCfg = Release|Any CPU
		{515090CD-61A3-403C-B84E-C265C3777758}.Release|Any CPU.Build.0 = Release|Any CPU
	EndGlobalSection
	GlobalSection(SolutionProperties) = preSolution
		HideSolutionNode = FALSE
	EndGlobalSection
EndGlobal
